
Microsoft Visual Studio Solution File, Format Version 12.00
# Visual Studio 15
VisualStudioVersion = 15.0.26730.16
MinimumVisualStudioVersion = 10.0.40219.1
Project("{FAE04EC0-301F-11D3-BF4B-00C04F79EFBC}") = "ExceptionLessTester", "ExceptionLessTester\ExceptionLessTester.csproj", "{91B51910-0B4C-4E40-977C-A85B5626BF15}"
EndProject
Project("{FAE04EC0-301F-11D3-BF4B-00C04F79EFBC}") = "ExceptionLessTester.AspNetCore", "ExceptionLessTester.AspNetCore\ExceptionLessTester.AspNetCore.csproj", "{3CC4EE63-82CB-4B24-94D6-F6BAFE9DC809}"
EndProject
Global
	GlobalSection(SolutionConfigurationPlatforms) = preSolution
		Debug|Any CPU = Debug|Any CPU
		Release|Any CPU = Release|Any CPU
	EndGlobalSection
	GlobalSection(ProjectConfigurationPlatforms) = postSolution
		{91B51910-0B4C-4E40-977C-A85B5626BF15}.Debug|Any CPU.ActiveCfg = Debug|Any CPU
		{91B51910-0B4C-4E40-977C-A85B5626BF15}.Debug|Any CPU.Build.0 = Debug|Any CPU
		{91B51910-0B4C-4E40-977C-A85B5626BF15}.Release|Any CPU.ActiveCfg = Release|Any CPU
		{91B51910-0B4C-4E40-977C-A85B5626BF15}.Release|Any CPU.Build.0 = Release|Any CPU
		{3CC4EE63-82CB-4B24-94D6-F6BAFE9DC809}.Debug|Any CPU.ActiveCfg = Debug|Any CPU
		{3CC4EE63-82CB-4B24-94D6-F6BAFE9DC809}.Debug|Any CPU.Build.0 = Debug|Any CPU
		{3CC4EE63-82CB-4B24-94D6-F6BAFE9DC809}.Release|Any CPU.ActiveCfg = Release|Any CPU
		{3CC4EE63-82CB-4B24-94D6-F6BAFE9DC809}.Release|Any CPU.Build.0 = Release|Any CPU
	EndGlobalSection
	GlobalSection(SolutionProperties) = preSolution
		HideSolutionNode = FALSE
	EndGlobalSection
	GlobalSection(ExtensibilityGlobals) = postSolution
		SolutionGuid = {7D0C25F1-ABEB-4C9E-812E-DEC77CE18363}
	EndGlobalSection
EndGlobal
